// !$*UTF8*$!
{
	archiveVersion = 1;
	classes = {
	};
	objectVersion = 46;
	objects = {

/* Begin PBXBuildFile section */
		E7820A391E998763000ED657 /* AppDelegate.swift in Sources */ = {isa = PBXBuildFile; fileRef = E7820A381E998763000ED657 /* AppDelegate.swift */; };
		E7820A3B1E998763000ED657 /* ViewController.swift in Sources */ = {isa = PBXBuildFile; fileRef = E7820A3A1E998763000ED657 /* ViewController.swift */; };
		E7820A3E1E998763000ED657 /* Main.storyboard in Resources */ = {isa = PBXBuildFile; fileRef = E7820A3C1E998763000ED657 /* Main.storyboard */; };
		E7820A401E998763000ED657 /* Assets.xcassets in Resources */ = {isa = PBXBuildFile; fileRef = E7820A3F1E998763000ED657 /* Assets.xcassets */; };
		E7820A431E998763000ED657 /* LaunchScreen.storyboard in Resources */ = {isa = PBXBuildFile; fileRef = E7820A411E998763000ED657 /* LaunchScreen.storyboard */; };
		E7820A4E1E998763000ED657 /* Silly_SongTests.swift in Sources */ = {isa = PBXBuildFile; fileRef = E7820A4D1E998763000ED657 /* Silly_SongTests.swift */; };
		E7820A591E998763000ED657 /* Silly_SongUITests.swift in Sources */ = {isa = PBXBuildFile; fileRef = E7820A581E998763000ED657 /* Silly_SongUITests.swift */; };
/* End PBXBuildFile section */

/* Begin PBXContainerItemProxy section */
		E7820A4A1E998763000ED657 /* PBXContainerItemProxy */ = {
			isa = PBXContainerItemProxy;
			containerPortal = E7820A2D1E998763000ED657 /* Project object */;
			proxyType = 1;
			remoteGlobalIDString = E7820A341E998763000ED657;
			remoteInfo = "Silly Song";
		};
		E7820A551E998763000ED657 /* PBXContainerItemProxy */ = {
			isa = PBXContainerItemProxy;
			containerPortal = E7820A2D1E998763000ED657 /* Project object */;
			proxyType = 1;
			remoteGlobalIDString = E7820A341E998763000ED657;
			remoteInfo = "Silly Song";
		};
/* End PBXContainerItemProxy section */

/* Begin PBXFileReference section */
		E7820A351E998763000ED657 /* Silly Song.app */ = {isa = PBXFileReference; explicitFileType = wrapper.application; includeInIndex = 0; path = "Silly Song.app"; sourceTree = BUILT_PRODUCTS_DIR; };
		E7820A381E998763000ED657 /* AppDelegate.swift */ = {isa = PBXFileReference; lastKnownFileType = sourcecode.swift; path = AppDelegate.swift; sourceTree = "<group>"; };
		E7820A3A1E998763000ED657 /* ViewController.swift */ = {isa = PBXFileReference; lastKnownFileType = sourcecode.swift; path = ViewController.swift; sourceTree = "<group>"; };
		E7820A3D1E998763000ED657 /* Base */ = {isa = PBXFileReference; lastKnownFileType = file.storyboard; name = Base; path = Base.lproj/Main.storyboard; sourceTree = "<group>"; };
		E7820A3F1E998763000ED657 /* Assets.xcassets */ = {isa = PBXFileReference; lastKnownFileType = folder.assetcatalog; path = Assets.xcassets; sourceTree = "<group>"; };
		E7820A421E998763000ED657 /* Base */ = {isa = PBXFileReference; lastKnownFileType = file.storyboard; name = Base; path = Base.lproj/LaunchScreen.storyboard; sourceTree = "<group>"; };
		E7820A441E998763000ED657 /* Info.plist */ = {isa = PBXFileReference; lastKnownFileType = text.plist.xml; path = Info.plist; sourceTree = "<group>"; };
		E7820A491E998763000ED657 /* Silly SongTests.xctest */ = {isa = PBXFileReference; explicitFileType = wrapper.cfbundle; includeInIndex = 0; path = "Silly SongTests.xctest"; sourceTree = BUILT_PRODUCTS_DIR; };
		E7820A4D1E998763000ED657 /* Silly_SongTests.swift */ = {isa = PBXFileReference; lastKnownFileType = sourcecode.swift; path = Silly_SongTests.swift; sourceTree = "<group>"; };
		E7820A4F1E998763000ED657 /* Info.plist */ = {isa = PBXFileReference; lastKnownFileType = text.plist.xml; path = Info.plist; sourceTree = "<group>"; };
		E7820A541E998763000ED657 /* Silly SongUITests.xctest */ = {isa = PBXFileReference; explicitFileType = wrapper.cfbundle; includeInIndex = 0; path = "Silly SongUITests.xctest"; sourceTree = BUILT_PRODUCTS_DIR; };
		E7820A581E998763000ED657 /* Silly_SongUITests.swift */ = {isa = PBXFileReference; lastKnownFileType = sourcecode.swift; path = Silly_SongUITests.swift; sourceTree = "<group>"; };
		E7820A5A1E998763000ED657 /* Info.plist */ = {isa = PBXFileReference; lastKnownFileType = text.plist.xml; path = Info.plist; sourceTree = "<group>"; };
/* End PBXFileReference section */

/* Begin PBXFrameworksBuildPhase section */
		E7820A321E998763000ED657 /* Frameworks */ = {
			isa = PBXFrameworksBuildPhase;
			buildActionMask = 2147483647;
			files = (
			);
			runOnlyForDeploymentPostprocessing = 0;
		};
		E7820A461E998763000ED657 /* Frameworks */ = {
			isa = PBXFrameworksBuildPhase;
			buildActionMask = 2147483647;
			files = (
			);
			runOnlyForDeploymentPostprocessing = 0;
		};
		E7820A511E998763000ED657 /* Frameworks */ = {
			isa = PBXFrameworksBuildPhase;
			buildActionMask = 2147483647;
			files = (
			);
			runOnlyForDeploymentPostprocessing = 0;
		};
/* End PBXFrameworksBuildPhase section */

/* Begin PBXGroup section */
		E7820A2C1E998763000ED657 = {
			isa = PBXGroup;
			children = (
				E7820A371E998763000ED657 /* Silly Song */,
				E7820A4C1E998763000ED657 /* Silly SongTests */,
				E7820A571E998763000ED657 /* Silly SongUITests */,
				E7820A361E998763000ED657 /* Products */,
			);
			sourceTree = "<group>";
		};
		E7820A361E998763000ED657 /* Products */ = {
			isa = PBXGroup;
			children = (
				E7820A351E998763000ED657 /* Silly Song.app */,
				E7820A491E998763000ED657 /* Silly SongTests.xctest */,
				E7820A541E998763000ED657 /* Silly SongUITests.xctest */,
			);
			name = Products;
			sourceTree = "<group>";
		};
		E7820A371E998763000ED657 /* Silly Song */ = {
			isa = PBXGroup;
			children = (
				E7820A381E998763000ED657 /* AppDelegate.swift */,
				E7820A3A1E998763000ED657 /* ViewController.swift */,
				E7820A3C1E998763000ED657 /* Main.storyboard */,
				E7820A3F1E998763000ED657 /* Assets.xcassets */,
				E7820A411E998763000ED657 /* LaunchScreen.storyboard */,
				E7820A441E998763000ED657 /* Info.plist */,
			);
			path = "Silly Song";
			sourceTree = "<group>";
		};
		E7820A4C1E998763000ED657 /* Silly SongTests */ = {
			isa = PBXGroup;
			children = (
				E7820A4D1E998763000ED657 /* Silly_SongTests.swift */,
				E7820A4F1E998763000ED657 /* Info.plist */,
			);
			path = "Silly SongTests";
			sourceTree = "<group>";
		};
		E7820A571E998763000ED657 /* Silly SongUITests */ = {
			isa = PBXGroup;
			children = (
				E7820A581E998763000ED657 /* Silly_SongUITests.swift */,
				E7820A5A1E998763000ED657 /* Info.plist */,
			);
			path = "Silly SongUITests";
			sourceTree = "<group>";
		};
/* End PBXGroup section */

/* Begin PBXNativeTarget section */
		E7820A341E998763000ED657 /* Silly Song */ = {
			isa = PBXNativeTarget;
			buildConfigurationList = E7820A5D1E998763000ED657 /* Build configuration list for PBXNativeTarget "Silly Song" */;
			buildPhases = (
				E7820A311E998763000ED657 /* Sources */,
				E7820A321E998763000ED657 /* Frameworks */,
				E7820A331E998763000ED657 /* Resources */,
			);
			buildRules = (
			);
			dependencies = (
			);
			name = "Silly Song";
			productName = "Silly Song";
			productReference = E7820A351E998763000ED657 /* Silly Song.app */;
			productType = "com.apple.product-type.application";
		};
		E7820A481E998763000ED657 /* Silly SongTests */ = {
			isa = PBXNativeTarget;
			buildConfigurationList = E7820A601E998763000ED657 /* Build configuration list for PBXNativeTarget "Silly SongTests" */;
			buildPhases = (
				E7820A451E998763000ED657 /* Sources */,
				E7820A461E998763000ED657 /* Frameworks */,
				E7820A471E998763000ED657 /* Resources */,
			);
			buildRules = (
			);
			dependencies = (
				E7820A4B1E998763000ED657 /* PBXTargetDependency */,
			);
			name = "Silly SongTests";
			productName = "Silly SongTests";
			productReference = E7820A491E998763000ED657 /* Silly SongTests.xctest */;
			productType = "com.apple.product-type.bundle.unit-test";
		};
		E7820A531E998763000ED657 /* Silly SongUITests */ = {
			isa = PBXNativeTarget;
			buildConfigurationList = E7820A631E998763000ED657 /* Build configuration list for PBXNativeTarget "Silly SongUITests" */;
			buildPhases = (
				E7820A501E998763000ED657 /* Sources */,
				E7820A511E998763000ED657 /* Frameworks */,
				E7820A521E998763000ED657 /* Resources */,
			);
			buildRules = (
			);
			dependencies = (
				E7820A561E998763000ED657 /* PBXTargetDependency */,
			);
			name = "Silly SongUITests";
			productName = "Silly SongUITests";
			productReference = E7820A541E998763000ED657 /* Silly SongUITests.xctest */;
			productType = "com.apple.product-type.bundle.ui-testing";
		};
/* End PBXNativeTarget section */

/* Begin PBXProject section */
		E7820A2D1E998763000ED657 /* Project object */ = {
			isa = PBXProject;
			attributes = {
				LastSwiftUpdateCheck = 0830;
				LastUpgradeCheck = 0830;
				ORGANIZATIONNAME = "Alan Campos";
				TargetAttributes = {
					E7820A341E998763000ED657 = {
						CreatedOnToolsVersion = 8.3;
						ProvisioningStyle = Automatic;
					};
					E7820A481E998763000ED657 = {
						CreatedOnToolsVersion = 8.3;
						ProvisioningStyle = Automatic;
						TestTargetID = E7820A341E998763000ED657;
					};
					E7820A531E998763000ED657 = {
						CreatedOnToolsVersion = 8.3;
						ProvisioningStyle = Automatic;
						TestTargetID = E7820A341E998763000ED657;
					};
				};
			};
			buildConfigurationList = E7820A301E998763000ED657 /* Build configuration list for PBXProject "Silly Song" */;
			compatibilityVersion = "Xcode 3.2";
			developmentRegion = English;
			hasScannedForEncodings = 0;
			knownRegions = (
				en,
				Base,
			);
			mainGroup = E7820A2C1E998763000ED657;
			productRefGroup = E7820A361E998763000ED657 /* Products */;
			projectDirPath = "";
			projectRoot = "";
			targets = (
				E7820A341E998763000ED657 /* Silly Song */,
				E7820A481E998763000ED657 /* Silly SongTests */,
				E7820A531E998763000ED657 /* Silly SongUITests */,
			);
		};
/* End PBXProject section */

/* Begin PBXResourcesBuildPhase section */
		E7820A331E998763000ED657 /* Resources */ = {
			isa = PBXResourcesBuildPhase;
			buildActionMask = 2147483647;
			files = (
				E7820A431E998763000ED657 /* LaunchScreen.storyboard in Resources */,
				E7820A401E998763000ED657 /* Assets.xcassets in Resources */,
				E7820A3E1E998763000ED657 /* Main.storyboard in Resources */,
			);
			runOnlyForDeploymentPostprocessing = 0;
		};
		E7820A471E998763000ED657 /* Resources */ = {
			isa = PBXResourcesBuildPhase;
			buildActionMask = 2147483647;
			files = (
			);
			runOnlyForDeploymentPostprocessing = 0;
		};
		E7820A521E998763000ED657 /* Resources */ = {
			isa = PBXResourcesBuildPhase;
			buildActionMask = 2147483647;
			files = (
			);
			runOnlyForDeploymentPostprocessing = 0;
		};
/* End PBXResourcesBuildPhase section */

/* Begin PBXSourcesBuildPhase section */
		E7820A311E998763000ED657 /* Sources */ = {
			isa = PBXSourcesBuildPhase;
			buildActionMask = 2147483647;
			files = (
				E7820A3B1E998763000ED657 /* ViewController.swift in Sources */,
				E7820A391E998763000ED657 /* AppDelegate.swift in Sources */,
			);
			runOnlyForDeploymentPostprocessing = 0;
		};
		E7820A451E998763000ED657 /* Sources */ = {
			isa = PBXSourcesBuildPhase;
			buildActionMask = 2147483647;
			files = (
				E7820A4E1E998763000ED657 /* Silly_SongTests.swift in Sources */,
			);
			runOnlyForDeploymentPostprocessing = 0;
		};
		E7820A501E998763000ED657 /* Sources */ = {
			isa = PBXSourcesBuildPhase;
			buildActionMask = 2147483647;
			files = (
				E7820A591E998763000ED657 /* Silly_SongUITests.swift in Sources */,
			);
			runOnlyForDeploymentPostprocessing = 0;
		};
/* End PBXSourcesBuildPhase section */

/* Begin PBXTargetDependency section */
		E7820A4B1E998763000ED657 /* PBXTargetDependency */ = {
			isa = PBXTargetDependency;
			target = E7820A341E998763000ED657 /* Silly Song */;
			targetProxy = E7820A4A1E998763000ED657 /* PBXContainerItemProxy */;
		};
		E7820A561E998763000ED657 /* PBXTargetDependency */ = {
			isa = PBXTargetDependency;
			target = E7820A341E998763000ED657 /* Silly Song */;
			targetProxy = E7820A551E998763000ED657 /* PBXContainerItemProxy */;
		};
/* End PBXTargetDependency section */

/* Begin PBXVariantGroup section */
		E7820A3C1E998763000ED657 /* Main.storyboard */ = {
			isa = PBXVariantGroup;
			children = (
				E7820A3D1E998763000ED657 /* Base */,
			);
			name = Main.storyboard;
			sourceTree = "<group>";
		};
		E7820A411E998763000ED657 /* LaunchScreen.storyboard */ = {
			isa = PBXVariantGroup;
			children = (
				E7820A421E998763000ED657 /* Base */,
			);
			name = LaunchScreen.storyboard;
			sourceTree = "<group>";
		};
/* End PBXVariantGroup section */

/* Begin XCBuildConfiguration section */
		E7820A5B1E998763000ED657 /* Debug */ = {
			isa = XCBuildConfiguration;
			buildSettings = {
				ALWAYS_SEARCH_USER_PATHS = NO;
				CLANG_ANALYZER_NONNULL = YES;
				CLANG_ANALYZER_NUMBER_OBJECT_CONVERSION = YES_AGGRESSIVE;
				CLANG_CXX_LANGUAGE_STANDARD = "gnu++0x";
				CLANG_CXX_LIBRARY = "libc++";
				CLANG_ENABLE_MODULES = YES;
				CLANG_ENABLE_OBJC_ARC = YES;
				CLANG_WARN_BOOL_CONVERSION = YES;
				CLANG_WARN_CONSTANT_CONVERSION = YES;
				CLANG_WARN_DIRECT_OBJC_ISA_USAGE = YES_ERROR;
				CLANG_WARN_DOCUMENTATION_COMMENTS = YES;
				CLANG_WARN_EMPTY_BODY = YES;
				CLANG_WARN_ENUM_CONVERSION = YES;
				CLANG_WARN_INFINITE_RECURSION = YES;
				CLANG_WARN_INT_CONVERSION = YES;
				CLANG_WARN_OBJC_ROOT_CLASS = YES_ERROR;
				CLANG_WARN_SUSPICIOUS_MOVE = YES;
				CLANG_WARN_UNREACHABLE_CODE = YES;
				CLANG_WARN__DUPLICATE_METHOD_MATCH = YES;
				"CODE_SIGN_IDENTITY[sdk=iphoneos*]" = "iPhone Developer";
				COPY_PHASE_STRIP = NO;
				DEBUG_INFORMATION_FORMAT = dwarf;
				ENABLE_STRICT_OBJC_MSGSEND = YES;
				ENABLE_TESTABILITY = YES;
				GCC_C_LANGUAGE_STANDARD = gnu99;
				GCC_DYNAMIC_NO_PIC = NO;
				GCC_NO_COMMON_BLOCKS = YES;
				GCC_OPTIMIZATION_LEVEL = 0;
				GCC_PREPROCESSOR_DEFINITIONS = (
					"DEBUG=1",
					"$(inherited)",
				);
				GCC_WARN_64_TO_32_BIT_CONVERSION = YES;
				GCC_WARN_ABOUT_RETURN_TYPE = YES_ERROR;
				GCC_WARN_UNDECLARED_SELECTOR = YES;
				GCC_WARN_UNINITIALIZED_AUTOS = YES_AGGRESSIVE;
				GCC_WARN_UNUSED_FUNCTION = YES;
				GCC_WARN_UNUSED_VARIABLE = YES;
				IPHONEOS_DEPLOYMENT_TARGET = 10.3;
				MTL_ENABLE_DEBUG_INFO = YES;
				ONLY_ACTIVE_ARCH = YES;
				SDKROOT = iphoneos;
				SWIFT_ACTIVE_COMPILATION_CONDITIONS = DEBUG;
				SWIFT_OPTIMIZATION_LEVEL = "-Onone";
				TARGETED_DEVICE_FAMILY = "1,2";
			};
			name = Debug;
		};
		E7820A5C1E998763000ED657 /* Release */ = {
			isa = XCBuildConfiguration;
			buildSettings = {
				ALWAYS_SEARCH_USER_PATHS = NO;
				CLANG_ANALYZER_NONNULL = YES;
				CLANG_ANALYZER_NUMBER_OBJECT_CONVERSION = YES_AGGRESSIVE;
				CLANG_CXX_LANGUAGE_STANDARD = "gnu++0x";
				CLANG_CXX_LIBRARY = "libc++";
				CLANG_ENABLE_MODULES = YES;
				CLANG_ENABLE_OBJC_ARC = YES;
				CLANG_WARN_BOOL_CONVERSION = YES;
				CLANG_WARN_CONSTANT_CONVERSION = YES;
				CLANG_WARN_DIRECT_OBJC_ISA_USAGE = YES_ERROR;
				CLANG_WARN_DOCUMENTATION_COMMENTS = YES;
				CLANG_WARN_EMPTY_BODY = YES;
				CLANG_WARN_ENUM_CONVERSION = YES;
				CLANG_WARN_INFINITE_RECURSION = YES;
				CLANG_WARN_INT_CONVERSION = YES;
				CLANG_WARN_OBJC_ROOT_CLASS = YES_ERROR;
				CLANG_WARN_SUSPICIOUS_MOVE = YES;
				CLANG_WARN_UNREACHABLE_CODE = YES;
				CLANG_WARN__DUPLICATE_METHOD_MATCH = YES;
				"CODE_SIGN_IDENTITY[sdk=iphoneos*]" = "iPhone Developer";
				COPY_PHASE_STRIP = NO;
				DEBUG_INFORMATION_FORMAT = "dwarf-with-dsym";
				ENABLE_NS_ASSERTIONS = NO;
				ENABLE_STRICT_OBJC_MSGSEND = YES;
				GCC_C_LANGUAGE_STANDARD = gnu99;
				GCC_NO_COMMON_BLOCKS = YES;
				GCC_WARN_64_TO_32_BIT_CONVERSION = YES;
				GCC_WARN_ABOUT_RETURN_TYPE = YES_ERROR;
				GCC_WARN_UNDECLARED_SELECTOR = YES;
				GCC_WARN_UNINITIALIZED_AUTOS = YES_AGGRESSIVE;
				GCC_WARN_UNUSED_FUNCTION = YES;
				GCC_WARN_UNUSED_VARIABLE = YES;
				IPHONEOS_DEPLOYMENT_TARGET = 10.3;
				MTL_ENABLE_DEBUG_INFO = NO;
				SDKROOT = iphoneos;
				SWIFT_OPTIMIZATION_LEVEL = "-Owholemodule";
				TARGETED_DEVICE_FAMILY = "1,2";
				VALIDATE_PRODUCT = YES;
			};
			name = Release;
		};
		E7820A5E1E998763000ED657 /* Debug */ = {
			isa = XCBuildConfiguration;
			buildSettings = {
				ASSETCATALOG_COMPILER_APPICON_NAME = AppIcon;
				INFOPLIST_FILE = "Silly Song/Info.plist";
				LD_RUNPATH_SEARCH_PATHS = "$(inherited) @executable_path/Frameworks";
				PRODUCT_BUNDLE_IDENTIFIER = "com.alan.Silly-Song";
				PRODUCT_NAME = "$(TARGET_NAME)";
				SWIFT_VERSION = 3.0;
			};
			name = Debug;
		};
		E7820A5F1E998763000ED657 /* Release */ = {
			isa = XCBuildConfiguration;
			buildSettings = {
				ASSETCATALOG_COMPILER_APPICON_NAME = AppIcon;
				INFOPLIST_FILE = "Silly Song/Info.plist";
				LD_RUNPATH_SEARCH_PATHS = "$(inherited) @executable_path/Frameworks";
				PRODUCT_BUNDLE_IDENTIFIER = "com.alan.Silly-Song";
				PRODUCT_NAME = "$(TARGET_NAME)";
				SWIFT_VERSION = 3.0;
			};
			name = Release;
		};
		E7820A611E998763000ED657 /* Debug */ = {
			isa = XCBuildConfiguration;
			buildSettings = {
				ALWAYS_EMBED_SWIFT_STANDARD_LIBRARIES = YES;
				BUNDLE_LOADER = "$(TEST_HOST)";
				INFOPLIST_FILE = "Silly SongTests/Info.plist";
				LD_RUNPATH_SEARCH_PATHS = "$(inherited) @executable_path/Frameworks @loader_path/Frameworks";
				PRODUCT_BUNDLE_IDENTIFIER = "com.alan.Silly-SongTests";
				PRODUCT_NAME = "$(TARGET_NAME)";
				SWIFT_VERSION = 3.0;
				TEST_HOST = "$(BUILT_PRODUCTS_DIR)/Silly Song.app/Silly Song";
			};
			name = Debug;
		};
		E7820A621E998763000ED657 /* Release */ = {
			isa = XCBuildConfiguration;
			buildSettings = {
				ALWAYS_EMBED_SWIFT_STANDARD_LIBRARIES = YES;
				BUNDLE_LOADER = "$(TEST_HOST)";
				INFOPLIST_FILE = "Silly SongTests/Info.plist";
				LD_RUNPATH_SEARCH_PATHS = "$(inherited) @executable_path/Frameworks @loader_path/Frameworks";
				PRODUCT_BUNDLE_IDENTIFIER = "com.alan.Silly-SongTests";
				PRODUCT_NAME = "$(TARGET_NAME)";
				SWIFT_VERSION = 3.0;
				TEST_HOST = "$(BUILT_PRODUCTS_DIR)/Silly Song.app/Silly Song";
			};
			name = Release;
		};
		E7820A641E998763000ED657 /* Debug */ = {
			isa = XCBuildConfiguration;
			buildSettings = {
				ALWAYS_EMBED_SWIFT_STANDARD_LIBRARIES = YES;
				INFOPLIST_FILE = "Silly SongUITests/Info.plist";
				LD_RUNPATH_SEARCH_PATHS = "$(inherited) @executable_path/Frameworks @loader_path/Frameworks";
				PRODUCT_BUNDLE_IDENTIFIER = "com.alan.Silly-SongUITests";
				PRODUCT_NAME = "$(TARGET_NAME)";
				SWIFT_VERSION = 3.0;
				TEST_TARGET_NAME = "Silly Song";
			};
			name = Debug;
		};
		E7820A651E998763000ED657 /* Release */ = {
			isa = XCBuildConfiguration;
			buildSettings = {
				ALWAYS_EMBED_SWIFT_STANDARD_LIBRARIES = YES;
				INFOPLIST_FILE = "Silly SongUITests/Info.plist";
				LD_RUNPATH_SEARCH_PATHS = "$(inherited) @executable_path/Frameworks @loader_path/Frameworks";
				PRODUCT_BUNDLE_IDENTIFIER = "com.alan.Silly-SongUITests";
				PRODUCT_NAME = "$(TARGET_NAME)";
				SWIFT_VERSION = 3.0;
				TEST_TARGET_NAME = "Silly Song";
			};
			name = Release;
		};
/* End XCBuildConfiguration section */

/* Begin XCConfigurationList section */
		E7820A301E998763000ED657 /* Build configuration list for PBXProject "Silly Song" */ = {
			isa = XCConfigurationList;
			buildConfigurations = (
				E7820A5B1E998763000ED657 /* Debug */,
				E7820A5C1E998763000ED657 /* Release */,
			);
			defaultConfigurationIsVisible = 0;
			defaultConfigurationName = Release;
		};
		E7820A5D1E998763000ED657 /* Build configuration list for PBXNativeTarget "Silly Song" */ = {
			isa = XCConfigurationList;
			buildConfigurations = (
				E7820A5E1E998763000ED657 /* Debug */,
				E7820A5F1E998763000ED657 /* Release */,
			);
			defaultConfigurationIsVisible = 0;
		};
		E7820A601E998763000ED657 /* Build configuration list for PBXNativeTarget "Silly SongTests" */ = {
			isa = XCConfigurationList;
			buildConfigurations = (
				E7820A611E998763000ED657 /* Debug */,
				E7820A621E998763000ED657 /* Release */,
			);
			defaultConfigurationIsVisible = 0;
		};
		E7820A631E998763000ED657 /* Build configuration list for PBXNativeTarget "Silly SongUITests" */ = {
			isa = XCConfigurationList;
			buildConfigurations = (
				E7820A641E998763000ED657 /* Debug */,
				E7820A651E998763000ED657 /* Release */,
			);
			defaultConfigurationIsVisible = 0;
		};
/* End XCConfigurationList section */
	};
	rootObject = E7820A2D1E998763000ED657 /* Project object */;
}
